
Microsoft Visual Studio Solution File, Format Version 12.00
# Visual Studio 14
VisualStudioVersion = 14.0.24720.0
MinimumVisualStudioVersion = 10.0.40219.1
Project("{8BC9CEB8-8B4A-11D0-8D11-00A0C91BC942}") = "FirstWidet", "FirstWidget\FirstWidet.vcxproj", "{786EE5B5-89F7-3750-B2D0-6D27DBACB3F4}"
EndProject
Project("{8BC9CEB8-8B4A-11D0-8D11-00A0C91BC942}") = "UnderstandStyle", "UnderstandStyle\UnderstandStyle.vcxproj", "{F0F1E48C-94B1-3BD3-8052-096F548BA352}"
EndProject
Project("{8BC9CEB8-8B4A-11D0-8D11-00A0C91BC942}") = "Painter", "Painter\Painter.vcxproj", "{0F40E9A7-9384-3394-A5C0-DFE059C5F698}"
EndProject
Project("{8BC9CEB8-8B4A-11D0-8D11-00A0C91BC942}") = "CustomMainWindow", "CustomMainWindow\CustomMainWindow.vcxproj", "{8FB4191D-0144-3BC4-B7BA-3892B68B7BAB}"
EndProject
Project("{8BC9CEB8-8B4A-11D0-8D11-00A0C91BC942}") = "Widgets", "Widgets\Widgets.vcxproj", "{FC0207EC-CF97-3753-991F-6D1892EE1316}"
EndProject
Project("{8BC9CEB8-8B4A-11D0-8D11-00A0C91BC942}") = "QtCoreModule", "QtCoreModule\QtCoreModule.vcxproj", "{A75EC817-1630-3DAF-B368-F8DAA8F8FF34}"
EndProject
Global
	GlobalSection(SolutionConfigurationPlatforms) = preSolution
		Debug|Any CPU = Debug|Any CPU
		Debug|x64 = Debug|x64
		Debug|x86 = Debug|x86
		Release|Any CPU = Release|Any CPU
		Release|x64 = Release|x64
		Release|x86 = Release|x86
	EndGlobalSection
	GlobalSection(ProjectConfigurationPlatforms) = postSolution
		{786EE5B5-89F7-3750-B2D0-6D27DBACB3F4}.Debug|Any CPU.ActiveCfg = Debug|Win32
		{786EE5B5-89F7-3750-B2D0-6D27DBACB3F4}.Debug|x64.ActiveCfg = Debug|Win32
		{786EE5B5-89F7-3750-B2D0-6D27DBACB3F4}.Debug|x86.ActiveCfg = Debug|Win32
		{786EE5B5-89F7-3750-B2D0-6D27DBACB3F4}.Debug|x86.Build.0 = Debug|Win32
		{786EE5B5-89F7-3750-B2D0-6D27DBACB3F4}.Release|Any CPU.ActiveCfg = Release|Win32
		{786EE5B5-89F7-3750-B2D0-6D27DBACB3F4}.Release|x64.ActiveCfg = Release|Win32
		{786EE5B5-89F7-3750-B2D0-6D27DBACB3F4}.Release|x86.ActiveCfg = Release|Win32
		{786EE5B5-89F7-3750-B2D0-6D27DBACB3F4}.Release|x86.Build.0 = Release|Win32
		{F0F1E48C-94B1-3BD3-8052-096F548BA352}.Debug|Any CPU.ActiveCfg = Debug|Win32
		{F0F1E48C-94B1-3BD3-8052-096F548BA352}.Debug|x64.ActiveCfg = Debug|Win32
		{F0F1E48C-94B1-3BD3-8052-096F548BA352}.Debug|x86.ActiveCfg = Debug|Win32
		{F0F1E48C-94B1-3BD3-8052-096F548BA352}.Debug|x86.Build.0 = Debug|Win32
		{F0F1E48C-94B1-3BD3-8052-096F548BA352}.Release|Any CPU.ActiveCfg = Release|Win32
		{F0F1E48C-94B1-3BD3-8052-096F548BA352}.Release|x64.ActiveCfg = Release|Win32
		{F0F1E48C-94B1-3BD3-8052-096F548BA352}.Release|x86.ActiveCfg = Release|Win32
		{F0F1E48C-94B1-3BD3-8052-096F548BA352}.Release|x86.Build.0 = Release|Win32
		{0F40E9A7-9384-3394-A5C0-DFE059C5F698}.Debug|Any CPU.ActiveCfg = Debug|Win32
		{0F40E9A7-9384-3394-A5C0-DFE059C5F698}.Debug|x64.ActiveCfg = Debug|Win32
		{0F40E9A7-9384-3394-A5C0-DFE059C5F698}.Debug|x86.ActiveCfg = Debug|Win32
		{0F40E9A7-9384-3394-A5C0-DFE059C5F698}.Debug|x86.Build.0 = Debug|Win32
		{0F40E9A7-9384-3394-A5C0-DFE059C5F698}.Release|Any CPU.ActiveCfg = Release|Win32
		{0F40E9A7-9384-3394-A5C0-DFE059C5F698}.Release|x64.ActiveCfg = Release|Win32
		{0F40E9A7-9384-3394-A5C0-DFE059C5F698}.Release|x86.ActiveCfg = Release|Win32
		{0F40E9A7-9384-3394-A5C0-DFE059C5F698}.Release|x86.Build.0 = Release|Win32
		{8FB4191D-0144-3BC4-B7BA-3892B68B7BAB}.Debug|Any CPU.ActiveCfg = Debug|Win32
		{8FB4191D-0144-3BC4-B7BA-3892B68B7BAB}.Debug|x64.ActiveCfg = Debug|Win32
		{8FB4191D-0144-3BC4-B7BA-3892B68B7BAB}.Debug|x86.ActiveCfg = Debug|Win32
		{8FB4191D-0144-3BC4-B7BA-3892B68B7BAB}.Debug|x86.Build.0 = Debug|Win32
		{8FB4191D-0144-3BC4-B7BA-3892B68B7BAB}.Release|Any CPU.ActiveCfg = Release|Win32
		{8FB4191D-0144-3BC4-B7BA-3892B68B7BAB}.Release|x64.ActiveCfg = Release|Win32
		{8FB4191D-0144-3BC4-B7BA-3892B68B7BAB}.Release|x86.ActiveCfg = Release|Win32
		{8FB4191D-0144-3BC4-B7BA-3892B68B7BAB}.Release|x86.Build.0 = Release|Win32
		{FC0207EC-CF97-3753-991F-6D1892EE1316}.Debug|Any CPU.ActiveCfg = Debug|Win32
		{FC0207EC-CF97-3753-991F-6D1892EE1316}.Debug|x64.ActiveCfg = Debug|Win32
		{FC0207EC-CF97-3753-991F-6D1892EE1316}.Debug|x86.ActiveCfg = Debug|Win32
		{FC0207EC-CF97-3753-991F-6D1892EE1316}.Debug|x86.Build.0 = Debug|Win32
		{FC0207EC-CF97-3753-991F-6D1892EE1316}.Release|Any CPU.ActiveCfg = Release|Win32
		{FC0207EC-CF97-3753-991F-6D1892EE1316}.Release|x64.ActiveCfg = Release|Win32
		{FC0207EC-CF97-3753-991F-6D1892EE1316}.Release|x86.ActiveCfg = Release|Win32
		{FC0207EC-CF97-3753-991F-6D1892EE1316}.Release|x86.Build.0 = Release|Win32
		{A75EC817-1630-3DAF-B368-F8DAA8F8FF34}.Debug|Any CPU.ActiveCfg = Debug|Win32
		{A75EC817-1630-3DAF-B368-F8DAA8F8FF34}.Debug|x64.ActiveCfg = Debug|Win32
		{A75EC817-1630-3DAF-B368-F8DAA8F8FF34}.Debug|x86.ActiveCfg = Debug|Win32
		{A75EC817-1630-3DAF-B368-F8DAA8F8FF34}.Debug|x86.Build.0 = Debug|Win32
		{A75EC817-1630-3DAF-B368-F8DAA8F8FF34}.Release|Any CPU.ActiveCfg = Release|Win32
		{A75EC817-1630-3DAF-B368-F8DAA8F8FF34}.Release|x64.ActiveCfg = Release|Win32
		{A75EC817-1630-3DAF-B368-F8DAA8F8FF34}.Release|x86.ActiveCfg = Release|Win32
		{A75EC817-1630-3DAF-B368-F8DAA8F8FF34}.Release|x86.Build.0 = Release|Win32
	EndGlobalSection
	GlobalSection(SolutionProperties) = preSolution
		HideSolutionNode = FALSE
	EndGlobalSection
EndGlobal
