<?xml version="1.0" encoding="utf-8"?>
<Project ToolsVersion="4.0" xmlns="http://schemas.microsoft.com/developer/msbuild/2003">
  <ItemGroup>
    <Filter Include="CodePath">
      <UniqueIdentifier>{270712c0-6a00-4a1d-a985-198aa4f39ffc}</UniqueIdentifier>
    </Filter>
    <Filter Include="Test">
      <UniqueIdentifier>{6757574a-e8b7-44b5-8e57-94089c61721d}</UniqueIdentifier>
    </Filter>
    <Filter Include="Modules">
      <UniqueIdentifier>{a62beab1-7666-4395-bdd8-dd98b0fecbec}</UniqueIdentifier>
    </Filter>
    <Filter Include="Parts">
      <UniqueIdentifier>{bd778f57-7b6f-4009-a5df-085b186e45c1}</UniqueIdentifier>
    </Filter>
  </ItemGroup>
  <ItemGroup>
    <ClInclude Include="Testor.h">
      <Filter>Parts</Filter>
    </ClInclude>
  </ItemGroup>
  <ItemGroup>
    <ClCompile Include="Testor.cpp">
      <Filter>Test</Filter>
    </ClCompile>
    <ClCompile Include="main.cpp">
      <Filter>CodePath</Filter>
    </ClCompile>
  </ItemGroup>
</Project>